
Microsoft Visual Studio Solution File, Format Version 12.00
# Visual Studio Version 17
VisualStudioVersion = 17.7.34031.279
MinimumVisualStudioVersion = 10.0.40219.1
Project("{888888A0-9F3D-457C-B088-3A5042F75D52}") = "TD2", "TD2\TD2.pyproj", "{33DE6A0F-D4AD-4D11-BDD8-53BF8C34E950}"
EndProject
Global
	GlobalSection(SolutionConfigurationPlatforms) = preSolution
		Debug|Any CPU = Debug|Any CPU
		Release|Any CPU = Release|Any CPU
	EndGlobalSection
	GlobalSection(ProjectConfigurationPlatforms) = postSolution
		{33DE6A0F-D4AD-4D11-BDD8-53BF8C34E950}.Debug|Any CPU.ActiveCfg = Debug|Any CPU
		{33DE6A0F-D4AD-4D11-BDD8-53BF8C34E950}.Release|Any CPU.ActiveCfg = Release|Any CPU
	EndGlobalSection
	GlobalSection(SolutionProperties) = preSolution
		HideSolutionNode = FALSE
	EndGlobalSection
	GlobalSection(ExtensibilityGlobals) = postSolution
		SolutionGuid = {2E617AEC-9EEA-401B-BF36-7673E1292382}
	EndGlobalSection
EndGlobal
